
Microsoft Visual Studio Solution File, Format Version 12.00
# Visual Studio 14
VisualStudioVersion = 14.0.24720.0
MinimumVisualStudioVersion = 10.0.40219.1
Project("{FAE04EC0-301F-11D3-BF4B-00C04F79EFBC}") = "MVPExample", "MVPExample\MVPExample.csproj", "{544B8AAC-DD7A-414F-96BA-EC3EFF804C60}"
EndProject
Project("{FAE04EC0-301F-11D3-BF4B-00C04F79EFBC}") = "com.devevil.MVP", "com.devevil.MVP.Core\com.devevil.MVP.csproj", "{2CC0BC72-1F1E-4846-9891-44C27EA496F5}"
EndProject
Global
	GlobalSection(SolutionConfigurationPlatforms) = preSolution
		Debug|Any CPU = Debug|Any CPU
		Release|Any CPU = Release|Any CPU
	EndGlobalSection
	GlobalSection(ProjectConfigurationPlatforms) = postSolution
		{544B8AAC-DD7A-414F-96BA-EC3EFF804C60}.Debug|Any CPU.ActiveCfg = Debug|Any CPU
		{544B8AAC-DD7A-414F-96BA-EC3EFF804C60}.Debug|Any CPU.Build.0 = Debug|Any CPU
		{544B8AAC-DD7A-414F-96BA-EC3EFF804C60}.Release|Any CPU.ActiveCfg = Release|Any CPU
		{544B8AAC-DD7A-414F-96BA-EC3EFF804C60}.Release|Any CPU.Build.0 = Release|Any CPU
		{2CC0BC72-1F1E-4846-9891-44C27EA496F5}.Debug|Any CPU.ActiveCfg = Debug|Any CPU
		{2CC0BC72-1F1E-4846-9891-44C27EA496F5}.Debug|Any CPU.Build.0 = Debug|Any CPU
		{2CC0BC72-1F1E-4846-9891-44C27EA496F5}.Release|Any CPU.ActiveCfg = Release|Any CPU
		{2CC0BC72-1F1E-4846-9891-44C27EA496F5}.Release|Any CPU.Build.0 = Release|Any CPU
	EndGlobalSection
	GlobalSection(SolutionProperties) = preSolution
		HideSolutionNode = FALSE
	EndGlobalSection
EndGlobal
